
Microsoft Visual Studio Solution File, Format Version 12.00
# Visual Studio Version 17
VisualStudioVersion = 17.3.32929.385
MinimumVisualStudioVersion = 10.0.40219.1
Project("{FAE04EC0-301F-11D3-BF4B-00C04F79EFBC}") = "test", "test.csproj", "{8118149D-7396-434B-BE8B-89AD6CDBAF08}"
EndProject
Global
	GlobalSection(SolutionConfigurationPlatforms) = preSolution
		Debug|Any CPU = Debug|Any CPU
		Release|Any CPU = Release|Any CPU
	EndGlobalSection
	GlobalSection(ProjectConfigurationPlatforms) = postSolution
		{8118149D-7396-434B-BE8B-89AD6CDBAF08}.Debug|Any CPU.ActiveCfg = Debug|Any CPU
		{8118149D-7396-434B-BE8B-89AD6CDBAF08}.Debug|Any CPU.Build.0 = Debug|Any CPU
		{8118149D-7396-434B-BE8B-89AD6CDBAF08}.Release|Any CPU.ActiveCfg = Release|Any CPU
		{8118149D-7396-434B-BE8B-89AD6CDBAF08}.Release|Any CPU.Build.0 = Release|Any CPU
	EndGlobalSection
	GlobalSection(SolutionProperties) = preSolution
		HideSolutionNode = FALSE
	EndGlobalSection
	GlobalSection(ExtensibilityGlobals) = postSolution
		SolutionGuid = {3BFFA1B5-CABB-4C10-B01C-90C5C20CA011}
	EndGlobalSection
EndGlobal
